{
    "_meta": {
        "hash": {
            "sha256": "e907553370b336087862a6181bb3ac881f7658a8b919d96f3a9baf4119f04081"
        },
        "pipfile-spec": 6,
        "requires": {},
        "sources": [
            {
                "name": "pypi",
                "url": "https://pypi.org/simple",
                "verify_ssl": true
            }
        ]
    },
    "default": {
        "protobuf": {
            "hashes": [
                "sha256:0bae429443cc4748be2aadfdaf9633297cfaeb24a9a02d0ab15849175ce90fab",
                "sha256:24e3b6ad259544d717902777b33966a1a069208c885576254c112663e6a5bb0f",
                "sha256:310a7aca6e7f257510d0c750364774034272538d51796ca31d42c3925d12a52a",
                "sha256:52e586072612c1eec18e1174f8e3bb19d08f075fc2e3f91d3b16c919078469d0",
                "sha256:73152776dc75f335c476d11d52ec6f0f6925774802cd48d6189f4d5d7fe753f4",
                "sha256:7774bbbaac81d3ba86de646c39f154afc8156717972bf0450c9dbfa1dc8dbea2",
                "sha256:82d7ac987715d8d1eb4068bf997f3053468e0ce0287e2729c30601feb6602fee",
                "sha256:8eb9c93798b904f141d9de36a0ba9f9b73cc382869e67c9e642c0aba53b0fc07",
                "sha256:adf0e4d57b33881d0c63bb11e7f9038f98ee0c3e334c221f0858f826e8fb0151",
                "sha256:c40973a0aee65422d8cb4e7d7cbded95dfeee0199caab54d5ab25b63bce8135a",
                "sha256:c77c974d1dadf246d789f6dad1c24426137c9091e930dbf50e0a29c1fcf00b1f",
                "sha256:dd9aa4401c36785ea1b6fff0552c674bdd1b641319cb07ed1fe2392388e9b0d7",
                "sha256:e11df1ac6905e81b815ab6fd518e79be0a58b5dc427a2cf7208980f30694b956",
                "sha256:e2f8a75261c26b2f5f3442b0525d50fd79a71aeca04b5ec270fc123536188306",
                "sha256:e512b7f3a4dd780f59f1bf22c302740e27b10b5c97e858a6061772668cd6f961",
                "sha256:ef2c2e56aaf9ee914d3dccc3408d42661aaf7d9bb78eaa8f17b2e6282f214481",
                "sha256:fac513a9dc2a74b99abd2e17109b53945e364649ca03d9f7a0b96aa8d1807d0a",
                "sha256:fdfb6ad138dbbf92b5dbea3576d7c8ba7463173f7d2cb0ca1bd336ec88ddbd80"
            ],
            "index": "pypi",
            "version": "==3.11.3"
        },
        "pycryptodome": {
            "hashes": [
                "sha256:07024fc364869eae8d6ac0d316e089956e6aeffe42dbdcf44fe1320d96becf7f",
                "sha256:09b6d6bcc01a4eb1a2b4deeff5aa602a108ec5aed8ac75ae554f97d1d7f0a5ad",
                "sha256:0e10f352ccbbcb5bb2dc4ecaf106564e65702a717d72ab260f9ac4c19753cfc2",
                "sha256:1f4752186298caf2e9ff5354f2e694d607ca7342aa313a62005235d46e28cf04",
                "sha256:2fbc472e0b567318fe2052281d5a8c0ae70099b446679815f655e9fbc18c3a65",
                "sha256:3ec3dc2f80f71fd0c955ce48b81bfaf8914c6f63a41a738f28885a1c4892968a",
                "sha256:426c188c83c10df71f053e04b4003b1437bae5cb37606440e498b00f160d71d0",
                "sha256:626c0a1d4d83ec6303f970a17158114f75c3ba1736f7f2983f7b40a265861bd8",
                "sha256:767ad0fb5d23efc36a4d5c2fc608ac603f3de028909bcf59abc943e0d0bc5a36",
                "sha256:7ac729d9091ed5478af2b4a4f44f5335a98febbc008af619e4569a59fe503e40",
                "sha256:83295a3fb5cf50c48631eb5b440cb5e9832d8c14d81d1d45f4497b67a9987de8",
                "sha256:8be56bde3312e022d9d1d6afa124556460ad5c844c2fc63642f6af723c098d35",
                "sha256:8f06556a8f7ea7b1e42eff39726bb0dca1c251205debae64e6eebea3cd7b438a",
                "sha256:9230fcb5d948c3fb40049bace4d33c5d254f8232c2c0bba05d2570aea3ba4520",
                "sha256:9378c309aec1f8cd8bad361ed0816a440151b97a2a3f6ffdaba1d1a1fb76873a",
                "sha256:9977086e0f93adb326379897437373871b80501e1d176fec63c7f46fb300c862",
                "sha256:9a94fca11fdc161460bd8659c15b6adef45c1b20da86402256eaf3addfaab324",
                "sha256:9c739b7795ccf2ef1fdad8d44e539a39ad300ee6786e804ea7f0c6a786eb5343",
                "sha256:b1e332587b3b195542e77681389c296e1837ca01240399d88803a075447d3557",
                "sha256:c109a26a21f21f695d369ff9b87f5d43e0d6c768d8384e10bc74142bed2e092e",
                "sha256:c818dc1f3eace93ee50c2b6b5c2becf7c418fa5dd1ba6fc0ef7db279ea21d5e4",
                "sha256:cff31f5a8977534f255f729d5d2467526f2b10563a30bbdade92223e0bf264bd",
                "sha256:d4f94368ce2d65873a87ad867eb3bf63f4ba81eb97a9ee66d38c2b71ce5a7439",
                "sha256:d61b012baa8c2b659e9890011358455c0019a4108536b811602d2f638c40802a",
                "sha256:d6e1bc5c94873bec742afe2dfadce0d20445b18e75c47afc0c115b19e5dd38dd",
                "sha256:ea83bcd9d6c03248ebd46e71ac313858e0afd5aa2fa81478c0e653242f3eb476",
                "sha256:ed5761b37615a1f222c5345bbf45272ae2cf8c7dff88a4f53a1e9f977cbb6d95",
                "sha256:f011cd0062e54658b7086a76f8cf0f4222812acc66e219e196ea2d0a8849d0ed",
                "sha256:f1add21b6d179179b3c177c33d18a2186a09cc0d3af41ff5ed3f377360b869f2",
                "sha256:f655addaaaa9974108d4808f4150652589cada96074c87115c52e575bfcd87d5"
            ],
            "index": "pypi",
            "version": "==3.9.7"
        },
        "redis": {
            "hashes": [
                "sha256:174101a3ce04560d716616290bb40e0a2af45d5844c8bd474c23fc5c52e7a46a",
                "sha256:7378105cd8ea20c4edc49f028581e830c01ad5f00be851def0f4bc616a83cd89"
            ],
            "index": "pypi",
            "version": "==3.5.0"
        },
        "six": {
            "hashes": [
                "sha256:236bdbdce46e6e6a3d61a337c0f8b763ca1e8717c03b369e87a7ec7ce1319c0a",
                "sha256:8f3cd2e254d8f793e7f3d6d9df77b92252b52637291d0f0da013c76ea2724b6c"
            ],
            "version": "==1.14.0"
        }
    },
    "develop": {}
}
